
Microsoft Visual Studio Solution File, Format Version 12.00
# Visual Studio Version 17
VisualStudioVersion = 17.0.31903.59
MinimumVisualStudioVersion = 10.0.40219.1
Project("{2150E333-8FDC-42A3-9474-1A3956D46DE8}") = "src", "src", "{5D3827D7-6B71-40AB-AD79-811709D3EC5C}"
EndProject
Project("{FAE04EC0-301F-11D3-BF4B-00C04F79EFBC}") = "HostsGuard.Core", "src\HostsGuard.Core\HostsGuard.Core.csproj", "{AEF41324-52FB-487F-B8E7-CED5D4EC238B}"
EndProject
Project("{2150E333-8FDC-42A3-9474-1A3956D46DE8}") = "tests", "tests", "{7A0EADFF-2F42-4968-BDEB-517AB528F71E}"
EndProject
Project("{FAE04EC0-301F-11D3-BF4B-00C04F79EFBC}") = "HostsGuard.Core.Tests", "tests\HostsGuard.Core.Tests\HostsGuard.Core.Tests.csproj", "{AF2B066D-A8CD-43B0-91B2-042981AFB6A9}"
EndProject
Project("{FAE04EC0-301F-11D3-BF4B-00C04F79EFBC}") = "HostsGuard.Contracts", "src\HostsGuard.Contracts\HostsGuard.Contracts.csproj", "{233D7B47-C274-45E2-A7B0-E1857581EBB3}"
EndProject
Project("{FAE04EC0-301F-11D3-BF4B-00C04F79EFBC}") = "HostsGuard.Contracts.Tests", "tests\HostsGuard.Contracts.Tests\HostsGuard.Contracts.Tests.csproj", "{28FEFC17-7CE9-44CA-8A75-4E95B50896C4}"
EndProject
Project("{FAE04EC0-301F-11D3-BF4B-00C04F79EFBC}") = "HostsGuard.Diagnostics", "src\HostsGuard.Diagnostics\HostsGuard.Diagnostics.csproj", "{23DE038E-512F-4B24-8882-7946F1B93D3A}"
EndProject
Project("{FAE04EC0-301F-11D3-BF4B-00C04F79EFBC}") = "HostsGuard.Diagnostics.Tests", "tests\HostsGuard.Diagnostics.Tests\HostsGuard.Diagnostics.Tests.csproj", "{660E2B61-3420-4500-AD1C-2E0879E5F202}"
EndProject
Project("{FAE04EC0-301F-11D3-BF4B-00C04F79EFBC}") = "HostsGuard.Ipc", "src\HostsGuard.Ipc\HostsGuard.Ipc.csproj", "{F11DFEC1-C4BC-4F84-9401-7D23ECBAFE0B}"
EndProject
Project("{FAE04EC0-301F-11D3-BF4B-00C04F79EFBC}") = "HostsGuard.Ipc.Tests", "tests\HostsGuard.Ipc.Tests\HostsGuard.Ipc.Tests.csproj", "{C87A2212-900A-495A-8503-B4FEE1244252}"
EndProject
Project("{FAE04EC0-301F-11D3-BF4B-00C04F79EFBC}") = "HostsGuard.Windows", "src\HostsGuard.Windows\HostsGuard.Windows.csproj", "{BCEE9BCB-687A-4692-8C38-6CFAD510E2DD}"
EndProject
Project("{FAE04EC0-301F-11D3-BF4B-00C04F79EFBC}") = "HostsGuard.Windows.Tests", "tests\HostsGuard.Windows.Tests\HostsGuard.Windows.Tests.csproj", "{168FED4E-6BCA-4914-B1FC-DFC2BD33D68B}"
EndProject
Project("{FAE04EC0-301F-11D3-BF4B-00C04F79EFBC}") = "HostsGuard.Data", "src\HostsGuard.Data\HostsGuard.Data.csproj", "{33752669-9926-4F3E-9B95-7118BAF57897}"
EndProject
Project("{FAE04EC0-301F-11D3-BF4B-00C04F79EFBC}") = "HostsGuard.Data.Tests", "tests\HostsGuard.Data.Tests\HostsGuard.Data.Tests.csproj", "{3B1FBD4E-4727-4387-BC18-16A61A33A88E}"
EndProject
Project("{FAE04EC0-301F-11D3-BF4B-00C04F79EFBC}") = "HostsGuard.Service", "src\HostsGuard.Service\HostsGuard.Service.csproj", "{81C38871-6FF1-4EF5-AEF1-18EA7CFDE962}"
EndProject
Project("{FAE04EC0-301F-11D3-BF4B-00C04F79EFBC}") = "HostsGuard.Service.Tests", "tests\HostsGuard.Service.Tests\HostsGuard.Service.Tests.csproj", "{BBA5D865-69EA-40E9-955B-08380C298E5F}"
EndProject
Project("{FAE04EC0-301F-11D3-BF4B-00C04F79EFBC}") = "HostsGuard.App", "src\HostsGuard.App\HostsGuard.App.csproj", "{D28A9C1F-8BF2-4574-8F5C-808CA0214ECE}"
EndProject
Project("{FAE04EC0-301F-11D3-BF4B-00C04F79EFBC}") = "HostsGuard.App.Tests", "tests\HostsGuard.App.Tests\HostsGuard.App.Tests.csproj", "{FAEEBF50-2BA3-4366-9D48-CCFA6CE9C02B}"
EndProject
Global
	GlobalSection(SolutionConfigurationPlatforms) = preSolution
		Debug|Any CPU = Debug|Any CPU
		Release|Any CPU = Release|Any CPU
	EndGlobalSection
	GlobalSection(SolutionProperties) = preSolution
		HideSolutionNode = FALSE
	EndGlobalSection
	GlobalSection(ProjectConfigurationPlatforms) = postSolution
		{AEF41324-52FB-487F-B8E7-CED5D4EC238B}.Debug|Any CPU.ActiveCfg = Debug|Any CPU
		{AEF41324-52FB-487F-B8E7-CED5D4EC238B}.Debug|Any CPU.Build.0 = Debug|Any CPU
		{AEF41324-52FB-487F-B8E7-CED5D4EC238B}.Release|Any CPU.ActiveCfg = Release|Any CPU
		{AEF41324-52FB-487F-B8E7-CED5D4EC238B}.Release|Any CPU.Build.0 = Release|Any CPU
		{AF2B066D-A8CD-43B0-91B2-042981AFB6A9}.Debug|Any CPU.ActiveCfg = Debug|Any CPU
		{AF2B066D-A8CD-43B0-91B2-042981AFB6A9}.Debug|Any CPU.Build.0 = Debug|Any CPU
		{AF2B066D-A8CD-43B0-91B2-042981AFB6A9}.Release|Any CPU.ActiveCfg = Release|Any CPU
		{AF2B066D-A8CD-43B0-91B2-042981AFB6A9}.Release|Any CPU.Build.0 = Release|Any CPU
		{233D7B47-C274-45E2-A7B0-E1857581EBB3}.Debug|Any CPU.ActiveCfg = Debug|Any CPU
		{233D7B47-C274-45E2-A7B0-E1857581EBB3}.Debug|Any CPU.Build.0 = Debug|Any CPU
		{233D7B47-C274-45E2-A7B0-E1857581EBB3}.Release|Any CPU.ActiveCfg = Release|Any CPU
		{233D7B47-C274-45E2-A7B0-E1857581EBB3}.Release|Any CPU.Build.0 = Release|Any CPU
		{28FEFC17-7CE9-44CA-8A75-4E95B50896C4}.Debug|Any CPU.ActiveCfg = Debug|Any CPU
		{28FEFC17-7CE9-44CA-8A75-4E95B50896C4}.Debug|Any CPU.Build.0 = Debug|Any CPU
		{28FEFC17-7CE9-44CA-8A75-4E95B50896C4}.Release|Any CPU.ActiveCfg = Release|Any CPU
		{28FEFC17-7CE9-44CA-8A75-4E95B50896C4}.Release|Any CPU.Build.0 = Release|Any CPU
		{23DE038E-512F-4B24-8882-7946F1B93D3A}.Debug|Any CPU.ActiveCfg = Debug|Any CPU
		{23DE038E-512F-4B24-8882-7946F1B93D3A}.Debug|Any CPU.Build.0 = Debug|Any CPU
		{23DE038E-512F-4B24-8882-7946F1B93D3A}.Release|Any CPU.ActiveCfg = Release|Any CPU
		{23DE038E-512F-4B24-8882-7946F1B93D3A}.Release|Any CPU.Build.0 = Release|Any CPU
		{660E2B61-3420-4500-AD1C-2E0879E5F202}.Debug|Any CPU.ActiveCfg = Debug|Any CPU
		{660E2B61-3420-4500-AD1C-2E0879E5F202}.Debug|Any CPU.Build.0 = Debug|Any CPU
		{660E2B61-3420-4500-AD1C-2E0879E5F202}.Release|Any CPU.ActiveCfg = Release|Any CPU
		{660E2B61-3420-4500-AD1C-2E0879E5F202}.Release|Any CPU.Build.0 = Release|Any CPU
		{F11DFEC1-C4BC-4F84-9401-7D23ECBAFE0B}.Debug|Any CPU.ActiveCfg = Debug|Any CPU
		{F11DFEC1-C4BC-4F84-9401-7D23ECBAFE0B}.Debug|Any CPU.Build.0 = Debug|Any CPU
		{F11DFEC1-C4BC-4F84-9401-7D23ECBAFE0B}.Release|Any CPU.ActiveCfg = Release|Any CPU
		{F11DFEC1-C4BC-4F84-9401-7D23ECBAFE0B}.Release|Any CPU.Build.0 = Release|Any CPU
		{C87A2212-900A-495A-8503-B4FEE1244252}.Debug|Any CPU.ActiveCfg = Debug|Any CPU
		{C87A2212-900A-495A-8503-B4FEE1244252}.Debug|Any CPU.Build.0 = Debug|Any CPU
		{C87A2212-900A-495A-8503-B4FEE1244252}.Release|Any CPU.ActiveCfg = Release|Any CPU
		{C87A2212-900A-495A-8503-B4FEE1244252}.Release|Any CPU.Build.0 = Release|Any CPU
		{BCEE9BCB-687A-4692-8C38-6CFAD510E2DD}.Debug|Any CPU.ActiveCfg = Debug|Any CPU
		{BCEE9BCB-687A-4692-8C38-6CFAD510E2DD}.Debug|Any CPU.Build.0 = Debug|Any CPU
		{BCEE9BCB-687A-4692-8C38-6CFAD510E2DD}.Release|Any CPU.ActiveCfg = Release|Any CPU
		{BCEE9BCB-687A-4692-8C38-6CFAD510E2DD}.Release|Any CPU.Build.0 = Release|Any CPU
		{168FED4E-6BCA-4914-B1FC-DFC2BD33D68B}.Debug|Any CPU.ActiveCfg = Debug|Any CPU
		{168FED4E-6BCA-4914-B1FC-DFC2BD33D68B}.Debug|Any CPU.Build.0 = Debug|Any CPU
		{168FED4E-6BCA-4914-B1FC-DFC2BD33D68B}.Release|Any CPU.ActiveCfg = Release|Any CPU
		{168FED4E-6BCA-4914-B1FC-DFC2BD33D68B}.Release|Any CPU.Build.0 = Release|Any CPU
		{33752669-9926-4F3E-9B95-7118BAF57897}.Debug|Any CPU.ActiveCfg = Debug|Any CPU
		{33752669-9926-4F3E-9B95-7118BAF57897}.Debug|Any CPU.Build.0 = Debug|Any CPU
		{33752669-9926-4F3E-9B95-7118BAF57897}.Release|Any CPU.ActiveCfg = Release|Any CPU
		{33752669-9926-4F3E-9B95-7118BAF57897}.Release|Any CPU.Build.0 = Release|Any CPU
		{3B1FBD4E-4727-4387-BC18-16A61A33A88E}.Debug|Any CPU.ActiveCfg = Debug|Any CPU
		{3B1FBD4E-4727-4387-BC18-16A61A33A88E}.Debug|Any CPU.Build.0 = Debug|Any CPU
		{3B1FBD4E-4727-4387-BC18-16A61A33A88E}.Release|Any CPU.ActiveCfg = Release|Any CPU
		{3B1FBD4E-4727-4387-BC18-16A61A33A88E}.Release|Any CPU.Build.0 = Release|Any CPU
		{81C38871-6FF1-4EF5-AEF1-18EA7CFDE962}.Debug|Any CPU.ActiveCfg = Debug|Any CPU
		{81C38871-6FF1-4EF5-AEF1-18EA7CFDE962}.Debug|Any CPU.Build.0 = Debug|Any CPU
		{81C38871-6FF1-4EF5-AEF1-18EA7CFDE962}.Release|Any CPU.ActiveCfg = Release|Any CPU
		{81C38871-6FF1-4EF5-AEF1-18EA7CFDE962}.Release|Any CPU.Build.0 = Release|Any CPU
		{BBA5D865-69EA-40E9-955B-08380C298E5F}.Debug|Any CPU.ActiveCfg = Debug|Any CPU
		{BBA5D865-69EA-40E9-955B-08380C298E5F}.Debug|Any CPU.Build.0 = Debug|Any CPU
		{BBA5D865-69EA-40E9-955B-08380C298E5F}.Release|Any CPU.ActiveCfg = Release|Any CPU
		{BBA5D865-69EA-40E9-955B-08380C298E5F}.Release|Any CPU.Build.0 = Release|Any CPU
		{D28A9C1F-8BF2-4574-8F5C-808CA0214ECE}.Debug|Any CPU.ActiveCfg = Debug|Any CPU
		{D28A9C1F-8BF2-4574-8F5C-808CA0214ECE}.Debug|Any CPU.Build.0 = Debug|Any CPU
		{D28A9C1F-8BF2-4574-8F5C-808CA0214ECE}.Release|Any CPU.ActiveCfg = Release|Any CPU
		{D28A9C1F-8BF2-4574-8F5C-808CA0214ECE}.Release|Any CPU.Build.0 = Release|Any CPU
		{FAEEBF50-2BA3-4366-9D48-CCFA6CE9C02B}.Debug|Any CPU.ActiveCfg = Debug|Any CPU
		{FAEEBF50-2BA3-4366-9D48-CCFA6CE9C02B}.Debug|Any CPU.Build.0 = Debug|Any CPU
		{FAEEBF50-2BA3-4366-9D48-CCFA6CE9C02B}.Release|Any CPU.ActiveCfg = Release|Any CPU
		{FAEEBF50-2BA3-4366-9D48-CCFA6CE9C02B}.Release|Any CPU.Build.0 = Release|Any CPU
	EndGlobalSection
	GlobalSection(NestedProjects) = preSolution
		{AEF41324-52FB-487F-B8E7-CED5D4EC238B} = {5D3827D7-6B71-40AB-AD79-811709D3EC5C}
		{AF2B066D-A8CD-43B0-91B2-042981AFB6A9} = {7A0EADFF-2F42-4968-BDEB-517AB528F71E}
		{233D7B47-C274-45E2-A7B0-E1857581EBB3} = {5D3827D7-6B71-40AB-AD79-811709D3EC5C}
		{28FEFC17-7CE9-44CA-8A75-4E95B50896C4} = {7A0EADFF-2F42-4968-BDEB-517AB528F71E}
		{23DE038E-512F-4B24-8882-7946F1B93D3A} = {5D3827D7-6B71-40AB-AD79-811709D3EC5C}
		{660E2B61-3420-4500-AD1C-2E0879E5F202} = {7A0EADFF-2F42-4968-BDEB-517AB528F71E}
		{F11DFEC1-C4BC-4F84-9401-7D23ECBAFE0B} = {5D3827D7-6B71-40AB-AD79-811709D3EC5C}
		{C87A2212-900A-495A-8503-B4FEE1244252} = {7A0EADFF-2F42-4968-BDEB-517AB528F71E}
		{BCEE9BCB-687A-4692-8C38-6CFAD510E2DD} = {5D3827D7-6B71-40AB-AD79-811709D3EC5C}
		{168FED4E-6BCA-4914-B1FC-DFC2BD33D68B} = {7A0EADFF-2F42-4968-BDEB-517AB528F71E}
		{33752669-9926-4F3E-9B95-7118BAF57897} = {5D3827D7-6B71-40AB-AD79-811709D3EC5C}
		{3B1FBD4E-4727-4387-BC18-16A61A33A88E} = {7A0EADFF-2F42-4968-BDEB-517AB528F71E}
		{81C38871-6FF1-4EF5-AEF1-18EA7CFDE962} = {5D3827D7-6B71-40AB-AD79-811709D3EC5C}
		{BBA5D865-69EA-40E9-955B-08380C298E5F} = {7A0EADFF-2F42-4968-BDEB-517AB528F71E}
		{D28A9C1F-8BF2-4574-8F5C-808CA0214ECE} = {5D3827D7-6B71-40AB-AD79-811709D3EC5C}
		{FAEEBF50-2BA3-4366-9D48-CCFA6CE9C02B} = {7A0EADFF-2F42-4968-BDEB-517AB528F71E}
	EndGlobalSection
EndGlobal
